{
  "name": "app",
  "lockfileVersion": 2,
  "requires": true,
  "packages": {
    "": {
      "name": "app",
      "devDependencies": {
        "@types/react-native-base64": "^0.2.0"
      }
    },
    "node_modules/@types/react-native-base64": {
      "version": "0.2.0",
      "resolved": "https://registry.npmjs.org/@types/react-native-base64/-/react-native-base64-0.2.0.tgz",
      "integrity": "sha512-5kUtS7Kf8Xl4zEwbqLITEuQReQTby4UOGfnsEeBFJEVmUfT+ygOv/Qmv0v6El0iV1eDhXS+/0i7CGR9d3/nRSA==",
      "dev": true
    }
  },
  "dependencies": {
    "@types/react-native-base64": {
      "version": "0.2.0",
      "resolved": "https://registry.npmjs.org/@types/react-native-base64/-/react-native-base64-0.2.0.tgz",
      "integrity": "sha512-5kUtS7Kf8Xl4zEwbqLITEuQReQTby4UOGfnsEeBFJEVmUfT+ygOv/Qmv0v6El0iV1eDhXS+/0i7CGR9d3/nRSA==",
      "dev": true
    }
  }
}
