PODS:
  - boost (1.76.0)
  - CocoaAsyncSocket (7.6.5)
  - DoubleConversion (1.1.6)
  - FBLazyVector (0.72.6)
  - FBReactNativeSpec (0.72.6):
    - RCT-Folly (= 2021.07.22.00)
    - RCTRequired (= 0.72.6)
    - RCTTypeSafety (= 0.72.6)
    - React-Core (= 0.72.6)
    - React-jsi (= 0.72.6)
    - ReactCommon/turbomodule/core (= 0.72.6)
  - Firebase/Analytics (10.10.0):
    - Firebase/Core
  - Firebase/Core (10.10.0):
    - Firebase/CoreOnly
    - FirebaseAnalytics (~> 10.10.0)
  - Firebase/CoreOnly (10.10.0):
    - FirebaseCore (= 10.10.0)
  - Firebase/Crashlytics (10.10.0):
    - Firebase/CoreOnly
    - FirebaseCrashlytics (~> 10.10.0)
  - FirebaseAnalytics (10.10.0):
    - FirebaseAnalytics/AdIdSupport (= 10.10.0)
    - FirebaseCore (~> 10.0)
    - FirebaseInstallations (~> 10.0)
    - GoogleUtilities/AppDelegateSwizzler (~> 7.11)
    - GoogleUtilities/MethodSwizzler (~> 7.11)
    - GoogleUtilities/Network (~> 7.11)
    - "GoogleUtilities/NSData+zlib (~> 7.11)"
    - nanopb (< 2.30910.0, >= 2.30908.0)
  - FirebaseAnalytics/AdIdSupport (10.10.0):
    - FirebaseCore (~> 10.0)
    - FirebaseInstallations (~> 10.0)
    - GoogleAppMeasurement (= 10.10.0)
    - GoogleUtilities/AppDelegateSwizzler (~> 7.11)
    - GoogleUtilities/MethodSwizzler (~> 7.11)
    - GoogleUtilities/Network (~> 7.11)
    - "GoogleUtilities/NSData+zlib (~> 7.11)"
    - nanopb (< 2.30910.0, >= 2.30908.0)
  - FirebaseCore (10.10.0):
    - FirebaseCoreInternal (~> 10.0)
    - GoogleUtilities/Environment (~> 7.8)
    - GoogleUtilities/Logger (~> 7.8)
  - FirebaseCoreExtension (10.10.0):
    - FirebaseCore (~> 10.0)
  - FirebaseCoreInternal (10.10.0):
    - "GoogleUtilities/NSData+zlib (~> 7.8)"
  - FirebaseCrashlytics (10.10.0):
    - FirebaseCore (~> 10.5)
    - FirebaseInstallations (~> 10.0)
    - FirebaseSessions (~> 10.5)
    - GoogleDataTransport (~> 9.2)
    - GoogleUtilities/Environment (~> 7.8)
    - nanopb (< 2.30910.0, >= 2.30908.0)
    - PromisesObjC (~> 2.1)
  - FirebaseInstallations (10.10.0):
    - FirebaseCore (~> 10.0)
    - GoogleUtilities/Environment (~> 7.8)
    - GoogleUtilities/UserDefaults (~> 7.8)
    - PromisesObjC (~> 2.1)
  - FirebaseSessions (10.10.0):
    - FirebaseCore (~> 10.5)
    - FirebaseCoreExtension (~> 10.0)
    - FirebaseInstallations (~> 10.0)
    - GoogleDataTransport (~> 9.2)
    - GoogleUtilities/Environment (~> 7.10)
    - nanopb (< 2.30910.0, >= 2.30908.0)
    - PromisesSwift (~> 2.1)
  - fmt (6.2.1)
  - glog (0.3.5)
  - GoogleAppMeasurement (10.10.0):
    - GoogleAppMeasurement/AdIdSupport (= 10.10.0)
    - GoogleUtilities/AppDelegateSwizzler (~> 7.11)
    - GoogleUtilities/MethodSwizzler (~> 7.11)
    - GoogleUtilities/Network (~> 7.11)
    - "GoogleUtilities/NSData+zlib (~> 7.11)"
    - nanopb (< 2.30910.0, >= 2.30908.0)
  - GoogleAppMeasurement/AdIdSupport (10.10.0):
    - GoogleAppMeasurement/WithoutAdIdSupport (= 10.10.0)
    - GoogleUtilities/AppDelegateSwizzler (~> 7.11)
    - GoogleUtilities/MethodSwizzler (~> 7.11)
    - GoogleUtilities/Network (~> 7.11)
    - "GoogleUtilities/NSData+zlib (~> 7.11)"
    - nanopb (< 2.30910.0, >= 2.30908.0)
  - GoogleAppMeasurement/WithoutAdIdSupport (10.10.0):
    - GoogleUtilities/AppDelegateSwizzler (~> 7.11)
    - GoogleUtilities/MethodSwizzler (~> 7.11)
    - GoogleUtilities/Network (~> 7.11)
    - "GoogleUtilities/NSData+zlib (~> 7.11)"
    - nanopb (< 2.30910.0, >= 2.30908.0)
  - GoogleDataTransport (9.2.3):
    - GoogleUtilities/Environment (~> 7.7)
    - nanopb (< 2.30910.0, >= 2.30908.0)
    - PromisesObjC (< 3.0, >= 1.2)
  - GoogleUtilities/AppDelegateSwizzler (7.11.1):
    - GoogleUtilities/Environment
    - GoogleUtilities/Logger
    - GoogleUtilities/Network
  - GoogleUtilities/Environment (7.11.1):
    - PromisesObjC (< 3.0, >= 1.2)
  - GoogleUtilities/Logger (7.11.1):
    - GoogleUtilities/Environment
  - GoogleUtilities/MethodSwizzler (7.11.1):
    - GoogleUtilities/Logger
  - GoogleUtilities/Network (7.11.1):
    - GoogleUtilities/Logger
    - "GoogleUtilities/NSData+zlib"
    - GoogleUtilities/Reachability
  - "GoogleUtilities/NSData+zlib (7.11.1)"
  - GoogleUtilities/Reachability (7.11.1):
    - GoogleUtilities/Logger
  - GoogleUtilities/UserDefaults (7.11.1):
    - GoogleUtilities/Logger
  - hermes-engine (0.72.6):
    - hermes-engine/Pre-built (= 0.72.6)
  - hermes-engine/Pre-built (0.72.6)
  - libevent (2.1.12)
  - MMKV (1.3.1):
    - MMKVCore (~> 1.3.1)
  - MMKVCore (1.3.1)
  - nanopb (2.30909.0):
    - nanopb/decode (= 2.30909.0)
    - nanopb/encode (= 2.30909.0)
  - nanopb/decode (2.30909.0)
  - nanopb/encode (2.30909.0)
  - PromisesObjC (2.2.0)
  - PromisesSwift (2.2.0):
    - PromisesObjC (= 2.2.0)
  - RCT-Folly (2021.07.22.00):
    - boost
    - DoubleConversion
    - fmt (~> 6.2.1)
    - glog
    - RCT-Folly/Default (= 2021.07.22.00)
  - RCT-Folly/Default (2021.07.22.00):
    - boost
    - DoubleConversion
    - fmt (~> 6.2.1)
    - glog
  - RCT-Folly/Futures (2021.07.22.00):
    - boost
    - DoubleConversion
    - fmt (~> 6.2.1)
    - glog
    - libevent
  - RCTRequired (0.72.6)
  - RCTTypeSafety (0.72.6):
    - FBLazyVector (= 0.72.6)
    - RCTRequired (= 0.72.6)
    - React-Core (= 0.72.6)
  - React (0.72.6):
    - React-Core (= 0.72.6)
    - React-Core/DevSupport (= 0.72.6)
    - React-Core/RCTWebSocket (= 0.72.6)
    - React-RCTActionSheet (= 0.72.6)
    - React-RCTAnimation (= 0.72.6)
    - React-RCTBlob (= 0.72.6)
    - React-RCTImage (= 0.72.6)
    - React-RCTLinking (= 0.72.6)
    - React-RCTNetwork (= 0.72.6)
    - React-RCTSettings (= 0.72.6)
    - React-RCTText (= 0.72.6)
    - React-RCTVibration (= 0.72.6)
  - React-callinvoker (0.72.6)
  - React-Codegen (0.72.6):
    - DoubleConversion
    - FBReactNativeSpec
    - glog
    - hermes-engine
    - RCT-Folly
    - RCTRequired
    - RCTTypeSafety
    - React-Core
    - React-jsi
    - React-jsiexecutor
    - React-NativeModulesApple
    - React-rncore
    - ReactCommon/turbomodule/bridging
    - ReactCommon/turbomodule/core
  - React-Core (0.72.6):
    - glog
    - hermes-engine
    - RCT-Folly (= 2021.07.22.00)
    - React-Core/Default (= 0.72.6)
    - React-cxxreact
    - React-hermes
    - React-jsi
    - React-jsiexecutor
    - React-perflogger
    - React-runtimeexecutor
    - React-utils
    - SocketRocket (= 0.6.1)
    - Yoga
  - React-Core/CoreModulesHeaders (0.72.6):
    - glog
    - hermes-engine
    - RCT-Folly (= 2021.07.22.00)
    - React-Core/Default
    - React-cxxreact
    - React-hermes
    - React-jsi
    - React-jsiexecutor
    - React-perflogger
    - React-runtimeexecutor
    - React-utils
    - SocketRocket (= 0.6.1)
    - Yoga
  - React-Core/Default (0.72.6):
    - glog
    - hermes-engine
    - RCT-Folly (= 2021.07.22.00)
    - React-cxxreact
    - React-hermes
    - React-jsi
    - React-jsiexecutor
    - React-perflogger
    - React-runtimeexecutor
    - React-utils
    - SocketRocket (= 0.6.1)
    - Yoga
  - React-Core/DevSupport (0.72.6):
    - glog
    - hermes-engine
    - RCT-Folly (= 2021.07.22.00)
    - React-Core/Default (= 0.72.6)
    - React-Core/RCTWebSocket (= 0.72.6)
    - React-cxxreact
    - React-hermes
    - React-jsi
    - React-jsiexecutor
    - React-jsinspector (= 0.72.6)
    - React-perflogger
    - React-runtimeexecutor
    - React-utils
    - SocketRocket (= 0.6.1)
    - Yoga
  - React-Core/RCTActionSheetHeaders (0.72.6):
    - glog
    - hermes-engine
    - RCT-Folly (= 2021.07.22.00)
    - React-Core/Default
    - React-cxxreact
    - React-hermes
    - React-jsi
    - React-jsiexecutor
    - React-perflogger
    - React-runtimeexecutor
    - React-utils
    - SocketRocket (= 0.6.1)
    - Yoga
  - React-Core/RCTAnimationHeaders (0.72.6):
    - glog
    - hermes-engine
    - RCT-Folly (= 2021.07.22.00)
    - React-Core/Default
    - React-cxxreact
    - React-hermes
    - React-jsi
    - React-jsiexecutor
    - React-perflogger
    - React-runtimeexecutor
    - React-utils
    - SocketRocket (= 0.6.1)
    - Yoga
  - React-Core/RCTBlobHeaders (0.72.6):
    - glog
    - hermes-engine
    - RCT-Folly (= 2021.07.22.00)
    - React-Core/Default
    - React-cxxreact
    - React-hermes
    - React-jsi
    - React-jsiexecutor
    - React-perflogger
    - React-runtimeexecutor
    - React-utils
    - SocketRocket (= 0.6.1)
    - Yoga
  - React-Core/RCTImageHeaders (0.72.6):
    - glog
    - hermes-engine
    - RCT-Folly (= 2021.07.22.00)
    - React-Core/Default
    - React-cxxreact
    - React-hermes
    - React-jsi
    - React-jsiexecutor
    - React-perflogger
    - React-runtimeexecutor
    - React-utils
    - SocketRocket (= 0.6.1)
    - Yoga
  - React-Core/RCTLinkingHeaders (0.72.6):
    - glog
    - hermes-engine
    - RCT-Folly (= 2021.07.22.00)
    - React-Core/Default
    - React-cxxreact
    - React-hermes
    - React-jsi
    - React-jsiexecutor
    - React-perflogger
    - React-runtimeexecutor
    - React-utils
    - SocketRocket (= 0.6.1)
    - Yoga
  - React-Core/RCTNetworkHeaders (0.72.6):
    - glog
    - hermes-engine
    - RCT-Folly (= 2021.07.22.00)
    - React-Core/Default
    - React-cxxreact
    - React-hermes
    - React-jsi
    - React-jsiexecutor
    - React-perflogger
    - React-runtimeexecutor
    - React-utils
    - SocketRocket (= 0.6.1)
    - Yoga
  - React-Core/RCTSettingsHeaders (0.72.6):
    - glog
    - hermes-engine
    - RCT-Folly (= 2021.07.22.00)
    - React-Core/Default
    - React-cxxreact
    - React-hermes
    - React-jsi
    - React-jsiexecutor
    - React-perflogger
    - React-runtimeexecutor
    - React-utils
    - SocketRocket (= 0.6.1)
    - Yoga
  - React-Core/RCTTextHeaders (0.72.6):
    - glog
    - hermes-engine
    - RCT-Folly (= 2021.07.22.00)
    - React-Core/Default
    - React-cxxreact
    - React-hermes
    - React-jsi
    - React-jsiexecutor
    - React-perflogger
    - React-runtimeexecutor
    - React-utils
    - SocketRocket (= 0.6.1)
    - Yoga
  - React-Core/RCTVibrationHeaders (0.72.6):
    - glog
    - hermes-engine
    - RCT-Folly (= 2021.07.22.00)
    - React-Core/Default
    - React-cxxreact
    - React-hermes
    - React-jsi
    - React-jsiexecutor
    - React-perflogger
    - React-runtimeexecutor
    - React-utils
    - SocketRocket (= 0.6.1)
    - Yoga
  - React-Core/RCTWebSocket (0.72.6):
    - glog
    - hermes-engine
    - RCT-Folly (= 2021.07.22.00)
    - React-Core/Default (= 0.72.6)
    - React-cxxreact
    - React-hermes
    - React-jsi
    - React-jsiexecutor
    - React-perflogger
    - React-runtimeexecutor
    - React-utils
    - SocketRocket (= 0.6.1)
    - Yoga
  - React-CoreModules (0.72.6):
    - RCT-Folly (= 2021.07.22.00)
    - RCTTypeSafety (= 0.72.6)
    - React-Codegen (= 0.72.6)
    - React-Core/CoreModulesHeaders (= 0.72.6)
    - React-jsi (= 0.72.6)
    - React-RCTBlob
    - React-RCTImage (= 0.72.6)
    - ReactCommon/turbomodule/core (= 0.72.6)
    - SocketRocket (= 0.6.1)
  - React-cxxreact (0.72.6):
    - boost (= 1.76.0)
    - DoubleConversion
    - glog
    - hermes-engine
    - RCT-Folly (= 2021.07.22.00)
    - React-callinvoker (= 0.72.6)
    - React-debug (= 0.72.6)
    - React-jsi (= 0.72.6)
    - React-jsinspector (= 0.72.6)
    - React-logger (= 0.72.6)
    - React-perflogger (= 0.72.6)
    - React-runtimeexecutor (= 0.72.6)
  - React-debug (0.72.6)
  - React-hermes (0.72.6):
    - DoubleConversion
    - glog
    - hermes-engine
    - RCT-Folly (= 2021.07.22.00)
    - RCT-Folly/Futures (= 2021.07.22.00)
    - React-cxxreact (= 0.72.6)
    - React-jsi
    - React-jsiexecutor (= 0.72.6)
    - React-jsinspector (= 0.72.6)
    - React-perflogger (= 0.72.6)
  - React-jsi (0.72.6):
    - boost (= 1.76.0)
    - DoubleConversion
    - glog
    - hermes-engine
    - RCT-Folly (= 2021.07.22.00)
  - React-jsiexecutor (0.72.6):
    - DoubleConversion
    - glog
    - hermes-engine
    - RCT-Folly (= 2021.07.22.00)
    - React-cxxreact (= 0.72.6)
    - React-jsi (= 0.72.6)
    - React-perflogger (= 0.72.6)
  - React-jsinspector (0.72.6)
  - React-logger (0.72.6):
    - glog
  - react-native-in-app-review (4.3.3):
    - React-Core
  - react-native-lan-port-scanner (1.4.2):
    - RCT-Folly (= 2021.07.22.00)
    - React-Core
  - react-native-mmkv (2.10.2):
    - MMKV (>= 1.2.13)
    - React-Core
  - react-native-safe-area-context (4.5.3):
    - RCT-Folly
    - RCTRequired
    - RCTTypeSafety
    - React-Core
    - ReactCommon/turbomodule/core
  - React-NativeModulesApple (0.72.6):
    - hermes-engine
    - React-callinvoker
    - React-Core
    - React-cxxreact
    - React-jsi
    - React-runtimeexecutor
    - ReactCommon/turbomodule/bridging
    - ReactCommon/turbomodule/core
  - React-perflogger (0.72.6)
  - React-RCTActionSheet (0.72.6):
    - React-Core/RCTActionSheetHeaders (= 0.72.6)
  - React-RCTAnimation (0.72.6):
    - RCT-Folly (= 2021.07.22.00)
    - RCTTypeSafety (= 0.72.6)
    - React-Codegen (= 0.72.6)
    - React-Core/RCTAnimationHeaders (= 0.72.6)
    - React-jsi (= 0.72.6)
    - ReactCommon/turbomodule/core (= 0.72.6)
  - React-RCTAppDelegate (0.72.6):
    - RCT-Folly
    - RCTRequired
    - RCTTypeSafety
    - React-Core
    - React-CoreModules
    - React-hermes
    - React-NativeModulesApple
    - React-RCTImage
    - React-RCTNetwork
    - React-runtimescheduler
    - ReactCommon/turbomodule/core
  - React-RCTBlob (0.72.6):
    - hermes-engine
    - RCT-Folly (= 2021.07.22.00)
    - React-Codegen (= 0.72.6)
    - React-Core/RCTBlobHeaders (= 0.72.6)
    - React-Core/RCTWebSocket (= 0.72.6)
    - React-jsi (= 0.72.6)
    - React-RCTNetwork (= 0.72.6)
    - ReactCommon/turbomodule/core (= 0.72.6)
  - React-RCTImage (0.72.6):
    - RCT-Folly (= 2021.07.22.00)
    - RCTTypeSafety (= 0.72.6)
    - React-Codegen (= 0.72.6)
    - React-Core/RCTImageHeaders (= 0.72.6)
    - React-jsi (= 0.72.6)
    - React-RCTNetwork (= 0.72.6)
    - ReactCommon/turbomodule/core (= 0.72.6)
  - React-RCTLinking (0.72.6):
    - React-Codegen (= 0.72.6)
    - React-Core/RCTLinkingHeaders (= 0.72.6)
    - React-jsi (= 0.72.6)
    - ReactCommon/turbomodule/core (= 0.72.6)
  - React-RCTNetwork (0.72.6):
    - RCT-Folly (= 2021.07.22.00)
    - RCTTypeSafety (= 0.72.6)
    - React-Codegen (= 0.72.6)
    - React-Core/RCTNetworkHeaders (= 0.72.6)
    - React-jsi (= 0.72.6)
    - ReactCommon/turbomodule/core (= 0.72.6)
  - React-RCTSettings (0.72.6):
    - RCT-Folly (= 2021.07.22.00)
    - RCTTypeSafety (= 0.72.6)
    - React-Codegen (= 0.72.6)
    - React-Core/RCTSettingsHeaders (= 0.72.6)
    - React-jsi (= 0.72.6)
    - ReactCommon/turbomodule/core (= 0.72.6)
  - React-RCTText (0.72.6):
    - React-Core/RCTTextHeaders (= 0.72.6)
  - React-RCTVibration (0.72.6):
    - RCT-Folly (= 2021.07.22.00)
    - React-Codegen (= 0.72.6)
    - React-Core/RCTVibrationHeaders (= 0.72.6)
    - React-jsi (= 0.72.6)
    - ReactCommon/turbomodule/core (= 0.72.6)
  - React-rncore (0.72.6)
  - React-runtimeexecutor (0.72.6):
    - React-jsi (= 0.72.6)
  - React-runtimescheduler (0.72.6):
    - glog
    - hermes-engine
    - RCT-Folly (= 2021.07.22.00)
    - React-callinvoker
    - React-debug
    - React-jsi
    - React-runtimeexecutor
  - React-utils (0.72.6):
    - glog
    - RCT-Folly (= 2021.07.22.00)
    - React-debug
  - ReactCommon/turbomodule/bridging (0.72.6):
    - DoubleConversion
    - glog
    - hermes-engine
    - RCT-Folly (= 2021.07.22.00)
    - React-callinvoker (= 0.72.6)
    - React-cxxreact (= 0.72.6)
    - React-jsi (= 0.72.6)
    - React-logger (= 0.72.6)
    - React-perflogger (= 0.72.6)
  - ReactCommon/turbomodule/core (0.72.6):
    - DoubleConversion
    - glog
    - hermes-engine
    - RCT-Folly (= 2021.07.22.00)
    - React-callinvoker (= 0.72.6)
    - React-cxxreact (= 0.72.6)
    - React-jsi (= 0.72.6)
    - React-logger (= 0.72.6)
    - React-perflogger (= 0.72.6)
  - RNBootSplash (4.7.2):
    - React-Core
  - RNCAsyncStorage (1.18.2):
    - React-Core
  - RNDeviceInfo (10.6.0):
    - React-Core
  - RNFBAnalytics (18.0.0):
    - Firebase/Analytics (= 10.10.0)
    - React-Core
    - RNFBApp
  - RNFBApp (18.0.0):
    - Firebase/CoreOnly (= 10.10.0)
    - React-Core
  - RNFBCrashlytics (18.0.0):
    - Firebase/Crashlytics (= 10.10.0)
    - FirebaseCoreExtension (= 10.10.0)
    - React-Core
    - RNFBApp
  - RNInAppBrowser (3.7.0):
    - React-Core
  - RNLocalize (3.0.0):
    - React-Core
  - RNScreens (3.27.0):
    - RCT-Folly (= 2021.07.22.00)
    - React-Core
  - RNVectorIcons (10.0.3):
    - RCT-Folly (= 2021.07.22.00)
    - React-Core
  - SocketRocket (0.6.1)
  - TcpSockets (4.0.0):
    - CocoaAsyncSocket
    - React
  - Yoga (1.14.0)

DEPENDENCIES:
  - boost (from `../node_modules/react-native/third-party-podspecs/boost.podspec`)
  - DoubleConversion (from `../node_modules/react-native/third-party-podspecs/DoubleConversion.podspec`)
  - FBLazyVector (from `../node_modules/react-native/Libraries/FBLazyVector`)
  - FBReactNativeSpec (from `../node_modules/react-native/React/FBReactNativeSpec`)
  - glog (from `../node_modules/react-native/third-party-podspecs/glog.podspec`)
  - hermes-engine (from `../node_modules/react-native/sdks/hermes-engine/hermes-engine.podspec`)
  - libevent (~> 2.1.12)
  - RCT-Folly (from `../node_modules/react-native/third-party-podspecs/RCT-Folly.podspec`)
  - RCTRequired (from `../node_modules/react-native/Libraries/RCTRequired`)
  - RCTTypeSafety (from `../node_modules/react-native/Libraries/TypeSafety`)
  - React (from `../node_modules/react-native/`)
  - React-callinvoker (from `../node_modules/react-native/ReactCommon/callinvoker`)
  - React-Codegen (from `build/generated/ios`)
  - React-Core (from `../node_modules/react-native/`)
  - React-Core/RCTWebSocket (from `../node_modules/react-native/`)
  - React-CoreModules (from `../node_modules/react-native/React/CoreModules`)
  - React-cxxreact (from `../node_modules/react-native/ReactCommon/cxxreact`)
  - React-debug (from `../node_modules/react-native/ReactCommon/react/debug`)
  - React-hermes (from `../node_modules/react-native/ReactCommon/hermes`)
  - React-jsi (from `../node_modules/react-native/ReactCommon/jsi`)
  - React-jsiexecutor (from `../node_modules/react-native/ReactCommon/jsiexecutor`)
  - React-jsinspector (from `../node_modules/react-native/ReactCommon/jsinspector`)
  - React-logger (from `../node_modules/react-native/ReactCommon/logger`)
  - react-native-in-app-review (from `../node_modules/react-native-in-app-review`)
  - react-native-lan-port-scanner (from `../node_modules/react-native-lan-port-scanner`)
  - react-native-mmkv (from `../node_modules/react-native-mmkv`)
  - react-native-safe-area-context (from `../node_modules/react-native-safe-area-context`)
  - React-NativeModulesApple (from `../node_modules/react-native/ReactCommon/react/nativemodule/core/platform/ios`)
  - React-perflogger (from `../node_modules/react-native/ReactCommon/reactperflogger`)
  - React-RCTActionSheet (from `../node_modules/react-native/Libraries/ActionSheetIOS`)
  - React-RCTAnimation (from `../node_modules/react-native/Libraries/NativeAnimation`)
  - React-RCTAppDelegate (from `../node_modules/react-native/Libraries/AppDelegate`)
  - React-RCTBlob (from `../node_modules/react-native/Libraries/Blob`)
  - React-RCTImage (from `../node_modules/react-native/Libraries/Image`)
  - React-RCTLinking (from `../node_modules/react-native/Libraries/LinkingIOS`)
  - React-RCTNetwork (from `../node_modules/react-native/Libraries/Network`)
  - React-RCTSettings (from `../node_modules/react-native/Libraries/Settings`)
  - React-RCTText (from `../node_modules/react-native/Libraries/Text`)
  - React-RCTVibration (from `../node_modules/react-native/Libraries/Vibration`)
  - React-rncore (from `../node_modules/react-native/ReactCommon`)
  - React-runtimeexecutor (from `../node_modules/react-native/ReactCommon/runtimeexecutor`)
  - React-runtimescheduler (from `../node_modules/react-native/ReactCommon/react/renderer/runtimescheduler`)
  - React-utils (from `../node_modules/react-native/ReactCommon/react/utils`)
  - ReactCommon/turbomodule/core (from `../node_modules/react-native/ReactCommon`)
  - RNBootSplash (from `../node_modules/react-native-bootsplash`)
  - "RNCAsyncStorage (from `../node_modules/@react-native-async-storage/async-storage`)"
  - RNDeviceInfo (from `../node_modules/react-native-device-info`)
  - "RNFBAnalytics (from `../node_modules/@react-native-firebase/analytics`)"
  - "RNFBApp (from `../node_modules/@react-native-firebase/app`)"
  - "RNFBCrashlytics (from `../node_modules/@react-native-firebase/crashlytics`)"
  - RNInAppBrowser (from `../node_modules/react-native-inappbrowser-reborn`)
  - RNLocalize (from `../node_modules/react-native-localize`)
  - RNScreens (from `../node_modules/react-native-screens`)
  - RNVectorIcons (from `../node_modules/react-native-vector-icons`)
  - TcpSockets (from `../node_modules/react-native-tcp`)
  - Yoga (from `../node_modules/react-native/ReactCommon/yoga`)

SPEC REPOS:
  trunk:
    - CocoaAsyncSocket
    - Firebase
    - FirebaseAnalytics
    - FirebaseCore
    - FirebaseCoreExtension
    - FirebaseCoreInternal
    - FirebaseCrashlytics
    - FirebaseInstallations
    - FirebaseSessions
    - fmt
    - GoogleAppMeasurement
    - GoogleDataTransport
    - GoogleUtilities
    - libevent
    - MMKV
    - MMKVCore
    - nanopb
    - PromisesObjC
    - PromisesSwift
    - SocketRocket

EXTERNAL SOURCES:
  boost:
    :podspec: "../node_modules/react-native/third-party-podspecs/boost.podspec"
  DoubleConversion:
    :podspec: "../node_modules/react-native/third-party-podspecs/DoubleConversion.podspec"
  FBLazyVector:
    :path: "../node_modules/react-native/Libraries/FBLazyVector"
  FBReactNativeSpec:
    :path: "../node_modules/react-native/React/FBReactNativeSpec"
  glog:
    :podspec: "../node_modules/react-native/third-party-podspecs/glog.podspec"
  hermes-engine:
    :podspec: "../node_modules/react-native/sdks/hermes-engine/hermes-engine.podspec"
    :tag: hermes-2023-08-07-RNv0.72.4-813b2def12bc9df02654b3e3653ae4a68d0572e0
  RCT-Folly:
    :podspec: "../node_modules/react-native/third-party-podspecs/RCT-Folly.podspec"
  RCTRequired:
    :path: "../node_modules/react-native/Libraries/RCTRequired"
  RCTTypeSafety:
    :path: "../node_modules/react-native/Libraries/TypeSafety"
  React:
    :path: "../node_modules/react-native/"
  React-callinvoker:
    :path: "../node_modules/react-native/ReactCommon/callinvoker"
  React-Codegen:
    :path: build/generated/ios
  React-Core:
    :path: "../node_modules/react-native/"
  React-CoreModules:
    :path: "../node_modules/react-native/React/CoreModules"
  React-cxxreact:
    :path: "../node_modules/react-native/ReactCommon/cxxreact"
  React-debug:
    :path: "../node_modules/react-native/ReactCommon/react/debug"
  React-hermes:
    :path: "../node_modules/react-native/ReactCommon/hermes"
  React-jsi:
    :path: "../node_modules/react-native/ReactCommon/jsi"
  React-jsiexecutor:
    :path: "../node_modules/react-native/ReactCommon/jsiexecutor"
  React-jsinspector:
    :path: "../node_modules/react-native/ReactCommon/jsinspector"
  React-logger:
    :path: "../node_modules/react-native/ReactCommon/logger"
  react-native-in-app-review:
    :path: "../node_modules/react-native-in-app-review"
  react-native-lan-port-scanner:
    :path: "../node_modules/react-native-lan-port-scanner"
  react-native-mmkv:
    :path: "../node_modules/react-native-mmkv"
  react-native-safe-area-context:
    :path: "../node_modules/react-native-safe-area-context"
  React-NativeModulesApple:
    :path: "../node_modules/react-native/ReactCommon/react/nativemodule/core/platform/ios"
  React-perflogger:
    :path: "../node_modules/react-native/ReactCommon/reactperflogger"
  React-RCTActionSheet:
    :path: "../node_modules/react-native/Libraries/ActionSheetIOS"
  React-RCTAnimation:
    :path: "../node_modules/react-native/Libraries/NativeAnimation"
  React-RCTAppDelegate:
    :path: "../node_modules/react-native/Libraries/AppDelegate"
  React-RCTBlob:
    :path: "../node_modules/react-native/Libraries/Blob"
  React-RCTImage:
    :path: "../node_modules/react-native/Libraries/Image"
  React-RCTLinking:
    :path: "../node_modules/react-native/Libraries/LinkingIOS"
  React-RCTNetwork:
    :path: "../node_modules/react-native/Libraries/Network"
  React-RCTSettings:
    :path: "../node_modules/react-native/Libraries/Settings"
  React-RCTText:
    :path: "../node_modules/react-native/Libraries/Text"
  React-RCTVibration:
    :path: "../node_modules/react-native/Libraries/Vibration"
  React-rncore:
    :path: "../node_modules/react-native/ReactCommon"
  React-runtimeexecutor:
    :path: "../node_modules/react-native/ReactCommon/runtimeexecutor"
  React-runtimescheduler:
    :path: "../node_modules/react-native/ReactCommon/react/renderer/runtimescheduler"
  React-utils:
    :path: "../node_modules/react-native/ReactCommon/react/utils"
  ReactCommon:
    :path: "../node_modules/react-native/ReactCommon"
  RNBootSplash:
    :path: "../node_modules/react-native-bootsplash"
  RNCAsyncStorage:
    :path: "../node_modules/@react-native-async-storage/async-storage"
  RNDeviceInfo:
    :path: "../node_modules/react-native-device-info"
  RNFBAnalytics:
    :path: "../node_modules/@react-native-firebase/analytics"
  RNFBApp:
    :path: "../node_modules/@react-native-firebase/app"
  RNFBCrashlytics:
    :path: "../node_modules/@react-native-firebase/crashlytics"
  RNInAppBrowser:
    :path: "../node_modules/react-native-inappbrowser-reborn"
  RNLocalize:
    :path: "../node_modules/react-native-localize"
  RNScreens:
    :path: "../node_modules/react-native-screens"
  RNVectorIcons:
    :path: "../node_modules/react-native-vector-icons"
  TcpSockets:
    :path: "../node_modules/react-native-tcp"
  Yoga:
    :path: "../node_modules/react-native/ReactCommon/yoga"

SPEC CHECKSUMS:
  boost: 57d2868c099736d80fcd648bf211b4431e51a558
  CocoaAsyncSocket: 065fd1e645c7abab64f7a6a2007a48038fdc6a99
  DoubleConversion: 5189b271737e1565bdce30deb4a08d647e3f5f54
  FBLazyVector: 748c0ef74f2bf4b36cfcccf37916806940a64c32
  FBReactNativeSpec: 966f29e4e697de53a3b366355e8f57375c856ad9
  Firebase: facd334e557a979bd03a0b58d90fd56b52b8aba0
  FirebaseAnalytics: 7bc7de519111dae802f5bc0c9c083918f8b8870d
  FirebaseCore: d027ff503d37edb78db98429b11f580a24a7df2a
  FirebaseCoreExtension: 8d93ebbf6838a874b4ed82a564c9d6705f8365dd
  FirebaseCoreInternal: 971029061d326000d65bfdc21f5502c75c8b0893
  FirebaseCrashlytics: bc8f3bed7f4d04be79d87391455efb4c9b163131
  FirebaseInstallations: 52153982b057d3afcb4e1fbb3eb0b6d00611e681
  FirebaseSessions: 5f9e62cd4096e24d2011cbd845b0efceffaee1ec
  fmt: ff9d55029c625d3757ed641535fd4a75fedc7ce9
  glog: 04b94705f318337d7ead9e6d17c019bd9b1f6b1b
  GoogleAppMeasurement: bbbfd4bcb2b40ae9b772c3b0823a58c1e3d618f9
  GoogleDataTransport: f0308f5905a745f94fb91fea9c6cbaf3831cb1bd
  GoogleUtilities: 9aa0ad5a7bc171f8bae016300bfcfa3fb8425749
  hermes-engine: 8057e75cfc1437b178ac86c8654b24e7fead7f60
  libevent: 4049cae6c81cdb3654a443be001fb9bdceff7913
  MMKV: 5a07930c70c70b86cd87761a42c8f3836fb681d7
  MMKVCore: e50135dbd33235b6ab390635991bab437ab873c0
  nanopb: b552cce312b6c8484180ef47159bc0f65a1f0431
  PromisesObjC: 09985d6d70fbe7878040aa746d78236e6946d2ef
  PromisesSwift: cf9eb58666a43bbe007302226e510b16c1e10959
  RCT-Folly: 424b8c9a7a0b9ab2886ffe9c3b041ef628fd4fb1
  RCTRequired: 28469809442eb4eb5528462705f7d852948c8a74
  RCTTypeSafety: e9c6c409fca2cc584e5b086862d562540cb38d29
  React: 769f469909b18edfe934f0539fffb319c4c61043
  React-callinvoker: e48ce12c83706401251921896576710d81e54763
  React-Codegen: 8cb364505beec45713ac224bcbb6bb41c3fc1a85
  React-Core: 56221b0ea21a0934aa1fbc4aef924e9007d60f26
  React-CoreModules: 9748a6fe4404323a3280ad3c5311d28d6f4f813b
  React-cxxreact: 44a3560510ead6633b6e02f9fbbdd1772fb40f92
  React-debug: 0a068b2ff5e6d2575d64303b37b554573d758e76
  React-hermes: 46e66dc854124d7645c20bfec0a6be9542826ecd
  React-jsi: fbdaf4166bae60524b591b18c851b530c8cdb90c
  React-jsiexecutor: 3bf18ff7cb03cd8dfdce08fbbc0d15058c1d71ae
  React-jsinspector: 194e32c6aab382d88713ad3dd0025c5f5c4ee072
  React-logger: cebf22b6cf43434e471dc561e5911b40ac01d289
  react-native-in-app-review: db8bb167a5f238e7ceca5c242d6b36ce8c4404a4
  react-native-lan-port-scanner: 7883b6f3c81007f2a9d36ba9bd38687ee9e7af3c
  react-native-mmkv: 9ae7ca3977e8ef48dbf7f066974eb844c20b5fd7
  react-native-safe-area-context: b8979f5eda6ed5903d4dbc885be3846ea3daa753
  React-NativeModulesApple: 1802a680a4cd891d2ab97780771bcb2ff11fdc0b
  React-perflogger: e3596db7e753f51766bceadc061936ef1472edc3
  React-RCTActionSheet: 17ab132c748b4471012abbcdcf5befe860660485
  React-RCTAnimation: 3fe720d2c172de51de8dc19ba091c559d22ebd9b
  React-RCTAppDelegate: c64ab148e0c8139be28c76d4f159acd87560359d
  React-RCTBlob: fd752f54ae335c93a36650be8129b352b852185f
  React-RCTImage: a99cc31f93f72fe17d0448fd45d7a812fd50388e
  React-RCTLinking: c56c6c36b85cebf1f4fa61a3493c9f01551afaab
  React-RCTNetwork: 01167794715ec8ae4854caca36d4009b5e257257
  React-RCTSettings: 52790fef45f5a0655cad22ab9b9a87e675d84d8c
  React-RCTText: adde32164a243103aaba0b1dc7b0a2599733873e
  React-RCTVibration: 1c047e1d9b21992f91c21f221f360640a4a288ec
  React-rncore: 87d117a5b3854f0c9c3b08d46fa83fa98a7b9f1c
  React-runtimeexecutor: 57d85d942862b08f6d15441a0badff2542fd233c
  React-runtimescheduler: 76eb364c37e6c20845cfe0cb049f883021bdfccf
  React-utils: 1dc03e6e55f56388b6fdde3768a66c885bacb627
  ReactCommon: cfe086d2e2ec9f2907c66666c856082608fba822
  RNBootSplash: c9b258d28eb97032adc676b1e3bc353f1c59e6f1
  RNCAsyncStorage: ddc4ee162bfd41b0d2c68bf2d95acd81dd7f1f93
  RNDeviceInfo: 475a4c447168d0ad4c807e48ef5e0963a0f4eb1b
  RNFBAnalytics: 87fe286d542f14655e73981499576f46a2091062
  RNFBApp: 10aa0ab560e30186c39a9756846945cac6499ea7
  RNFBCrashlytics: 74ae7a78db91634eb83ecbf82202f21be49afd73
  RNInAppBrowser: e36d6935517101ccba0e875bac8ad7b0cb655364
  RNLocalize: 5944c97d2fe8150913a51ddd5eab4e23a82bd80d
  RNScreens: 3e56c56bd35436215a56f48a753e30e8ce018a09
  RNVectorIcons: 6731bd488db95f4197433b30d81d03dc228b367e
  SocketRocket: f32cd54efbe0f095c4d7594881e52619cfe80b17
  TcpSockets: a8eb6b5867fe643e6cfed5db2e4de62f4d1e8fd0
  Yoga: b76f1acfda8212aa16b7e26bcce3983230c82603

PODFILE CHECKSUM: f17e5edad2d71d8bd30b078b402670b888692166

COCOAPODS: 1.15.2
